{
  "version": 4,
  "terraform_version": "1.12.2",
  "serial": 36,
  "lineage": "e78590e0-6aec-453a-b005-fc3c2504ec33",
  "outputs": {},
  "resources": [
    {
      "mode": "data",
      "type": "aws_security_group",
      "name": "my_sg",
      "provider": "provider[\"registry.terraform.io/hashicorp/aws\"]",
      "instances": [
        {
          "schema_version": 0,
          "attributes": {
            "arn": "arn:aws:ec2:us-east-1:025066257891:security-group/sg-00ee8b7a416fa0d47",
            "description": "launch-wizard-1 created 2025-04-15T17:15:23.528Z",
            "filter": null,
            "id": "sg-00ee8b7a416fa0d47",
            "name": "launch-wizard-1",
            "region": "us-east-1",
            "tags": {},
            "timeouts": null,
            "vpc_id": "vpc-03672a00d96591ca3"
          },
          "sensitive_attributes": [],
          "identity_schema_version": 0
        }
      ]
    },
    {
      "mode": "managed",
      "type": "aws_instance",
      "name": "my_ec2",
      "provider": "provider[\"registry.terraform.io/hashicorp/aws\"]",
      "instances": [
        {
          "schema_version": 2,
          "attributes": {
            "ami": "ami-020cba7c55df1f615",
            "arn": "arn:aws:ec2:us-east-1:025066257891:instance/i-0c524242894dff57b",
            "associate_public_ip_address": true,
            "availability_zone": "us-east-1f",
            "capacity_reservation_specification": [
              {
                "capacity_reservation_preference": "open",
                "capacity_reservation_target": []
              }
            ],
            "cpu_options": [
              {
                "amd_sev_snp": "",
                "core_count": 2,
                "threads_per_core": 1
              }
            ],
            "credit_specification": [
              {
                "cpu_credits": "standard"
              }
            ],
            "disable_api_stop": false,
            "disable_api_termination": false,
            "ebs_block_device": [],
            "ebs_optimized": false,
            "enable_primary_ipv6": null,
            "enclave_options": [
              {
                "enabled": false
              }
            ],
            "ephemeral_block_device": [],
            "force_destroy": false,
            "get_password_data": false,
            "hibernation": false,
            "host_id": "",
            "host_resource_group_arn": null,
            "iam_instance_profile": "",
            "id": "i-0c524242894dff57b",
            "instance_initiated_shutdown_behavior": "stop",
            "instance_lifecycle": "",
            "instance_market_options": [],
            "instance_state": "running",
            "instance_type": "t2.large",
            "ipv6_address_count": 0,
            "ipv6_addresses": [],
            "key_name": "kt6238key",
            "launch_template": [],
            "maintenance_options": [
              {
                "auto_recovery": "default"
              }
            ],
            "metadata_options": [
              {
                "http_endpoint": "enabled",
                "http_protocol_ipv6": "disabled",
                "http_put_response_hop_limit": 2,
                "http_tokens": "required",
                "instance_metadata_tags": "disabled"
              }
            ],
            "monitoring": false,
            "network_interface": [],
            "outpost_arn": "",
            "password_data": "",
            "placement_group": "",
            "placement_partition_number": 0,
            "primary_network_interface_id": "eni-0b03bef3a2340bcef",
            "private_dns": "ip-172-31-68-25.ec2.internal",
            "private_dns_name_options": [
              {
                "enable_resource_name_dns_a_record": false,
                "enable_resource_name_dns_aaaa_record": false,
                "hostname_type": "ip-name"
              }
            ],
            "private_ip": "172.31.68.25",
            "public_dns": "ec2-18-206-76-149.compute-1.amazonaws.com",
            "public_ip": "18.206.76.149",
            "region": "us-east-1",
            "root_block_device": [
              {
                "delete_on_termination": true,
                "device_name": "/dev/sda1",
                "encrypted": false,
                "iops": 3000,
                "kms_key_id": "",
                "tags": null,
                "tags_all": {},
                "throughput": 125,
                "volume_id": "vol-00c9c61dee5163e8a",
                "volume_size": 1024,
                "volume_type": "gp3"
              }
            ],
            "secondary_private_ips": [],
            "security_groups": [
              "launch-wizard-1"
            ],
            "source_dest_check": true,
            "spot_instance_request_id": "",
            "subnet_id": "subnet-02140b7ce4d2ad408",
            "tags": {
              "Name": "t2large"
            },
            "tags_all": {
              "Name": "t2large"
            },
            "tenancy": "default",
            "timeouts": null,
            "user_data": "#cloud-config\npackage_update: true\npackage_upgrade: true\npackages:\n  - docker.io\n  - openjdk-21-jdk\n  - wget\n  - jq\n  - maven\n  - tree\n\nruncmd:\n  - echo \"Runcmd is executing!\" \u003e\u003e /tmp/runcmd.log 2\u003e\u00261\n  - wget -P /home/ubuntu https://dlcdn.apache.org/kafka/4.0.0/kafka_2.13-4.0.0.tgz \u003e\u003e /tmp/runcmd.log 2\u003e\u00261\n  - echo \"##### wget complete!\" \u003e\u003e /tmp/runcmd.log 2\u003e\u00261\n  - tar -xvf /home/ubuntu/kafka_2.13-4.0.0.tgz --directory /home/ubuntu   \u003e\u003e /tmp/runcmd.log 2\u003e\u00261\n  - echo \"##### tar kafka complete! Extracted to /home/ubuntu/kafka_2.13-4.0.0\" \u003e\u003e /tmp/runcmd.log 2\u003e\u00261\n  - chown -R ubuntu:ubuntu /home/ubuntu/kafka_2.13-4.0.0 \u003e\u003e /tmp/runcmd.log 2\u003e\u00261\n  - echo \"##### Changed ownership of Kafka directory to ubuntu:ubuntu\" \u003e\u003e /tmp/runcmd.log 2\u003e\u00261\n  - echo \"##### Starting Maven project generation\" \u003e\u003e /tmp/runcmd.log 2\u003e\u00261\n  - mvn archetype:generate -DarchetypeGroupId=org.apache.kafka -DarchetypeArtifactId=streams-quickstart-java -DarchetypeVersion=4.0.0 -DgroupId=streams.examples -DartifactId=streams-quickstart -Dversion=0.1 -Dpackage=myapps \u003e\u003e /tmp/runcmd.log 2\u003e\u00261\n  - echo \"##### Maven project generated\" \u003e\u003e /tmp/runcmd.log 2\u003e\u00261\n  - echo \"##### System ready\" \u003e\u003e /tmp/runcmd.log 2\u003e\u00261\n",
            "user_data_base64": null,
            "user_data_replace_on_change": false,
            "volume_tags": null,
            "vpc_security_group_ids": [
              "sg-00ee8b7a416fa0d47"
            ]
          },
          "sensitive_attributes": [],
          "identity_schema_version": 0,
          "private": "eyJlMmJmYjczMC1lY2FhLTExZTYtOGY4OC0zNDM2M2JjN2M0YzAiOnsiY3JlYXRlIjo2MDAwMDAwMDAwMDAsImRlbGV0ZSI6MTIwMDAwMDAwMDAwMCwicmVhZCI6OTAwMDAwMDAwMDAwLCJ1cGRhdGUiOjYwMDAwMDAwMDAwMH0sInNjaGVtYV92ZXJzaW9uIjoiMiJ9",
          "dependencies": [
            "data.aws_security_group.my_sg"
          ]
        }
      ]
    }
  ],
  "check_results": null
}
